
Microsoft Visual Studio Solution File, Format Version 12.00
# Visual Studio Version 17
VisualStudioVersion = 17.8.34322.80
MinimumVisualStudioVersion = 10.0.40219.1
Project("{FAE04EC0-301F-11D3-BF4B-00C04F79EFBC}") = "space-weather-api", "space-weather-api.csproj", "{BF493BD4-850E-431E-9117-7E8CC5D43936}"
EndProject
Global
	GlobalSection(SolutionConfigurationPlatforms) = preSolution
		Debug|Any CPU = Debug|Any CPU
		Release|Any CPU = Release|Any CPU
	EndGlobalSection
	GlobalSection(ProjectConfigurationPlatforms) = postSolution
		{BF493BD4-850E-431E-9117-7E8CC5D43936}.Debug|Any CPU.ActiveCfg = Debug|Any CPU
		{BF493BD4-850E-431E-9117-7E8CC5D43936}.Debug|Any CPU.Build.0 = Debug|Any CPU
		{BF493BD4-850E-431E-9117-7E8CC5D43936}.Release|Any CPU.ActiveCfg = Release|Any CPU
		{BF493BD4-850E-431E-9117-7E8CC5D43936}.Release|Any CPU.Build.0 = Release|Any CPU
	EndGlobalSection
	GlobalSection(SolutionProperties) = preSolution
		HideSolutionNode = FALSE
	EndGlobalSection
	GlobalSection(ExtensibilityGlobals) = postSolution
		SolutionGuid = {D3519D84-77A4-46DB-8720-9BC234A35536}
	EndGlobalSection
EndGlobal
